
Microsoft Visual Studio Solution File, Format Version 12.00
# Visual Studio Version 17
VisualStudioVersion = 17.0.31903.59
MinimumVisualStudioVersion = 10.0.40219.1
Project("{FAE04EC0-301F-11D3-BF4B-00C04F79EFBC}") = "FSP.AttendanceClock.Core", "FSP.AttendanceClock.Core\FSP.AttendanceClock.Core.csproj", "{3983D4EC-698B-470C-A235-B485CBAE8B6D}"
EndProject
Project("{FAE04EC0-301F-11D3-BF4B-00C04F79EFBC}") = "FSP.AttendanceClock.Infrastructure", "FSP.AttendanceClock.Infrastructure\FSP.AttendanceClock.Infrastructure.csproj", "{9CA896B9-A6E8-4187-A7D3-C4A772370B83}"
EndProject
Project("{FAE04EC0-301F-11D3-BF4B-00C04F79EFBC}") = "FSP.AttendanceClock.Web", "FSP.AttendanceClock.Web\FSP.AttendanceClock.Web.csproj", "{D5882D29-3C10-4A3B-B181-D3F6947BC0A7}"
EndProject
Global
	GlobalSection(SolutionConfigurationPlatforms) = preSolution
		Debug|Any CPU = Debug|Any CPU
		Debug|x64 = Debug|x64
		Debug|x86 = Debug|x86
		Release|Any CPU = Release|Any CPU
		Release|x64 = Release|x64
		Release|x86 = Release|x86
	EndGlobalSection
	GlobalSection(ProjectConfigurationPlatforms) = postSolution
		{3983D4EC-698B-470C-A235-B485CBAE8B6D}.Debug|Any CPU.ActiveCfg = Debug|Any CPU
		{3983D4EC-698B-470C-A235-B485CBAE8B6D}.Debug|Any CPU.Build.0 = Debug|Any CPU
		{3983D4EC-698B-470C-A235-B485CBAE8B6D}.Debug|x64.ActiveCfg = Debug|Any CPU
		{3983D4EC-698B-470C-A235-B485CBAE8B6D}.Debug|x64.Build.0 = Debug|Any CPU
		{3983D4EC-698B-470C-A235-B485CBAE8B6D}.Debug|x86.ActiveCfg = Debug|Any CPU
		{3983D4EC-698B-470C-A235-B485CBAE8B6D}.Debug|x86.Build.0 = Debug|Any CPU
		{3983D4EC-698B-470C-A235-B485CBAE8B6D}.Release|Any CPU.ActiveCfg = Release|Any CPU
		{3983D4EC-698B-470C-A235-B485CBAE8B6D}.Release|Any CPU.Build.0 = Release|Any CPU
		{3983D4EC-698B-470C-A235-B485CBAE8B6D}.Release|x64.ActiveCfg = Release|Any CPU
		{3983D4EC-698B-470C-A235-B485CBAE8B6D}.Release|x64.Build.0 = Release|Any CPU
		{3983D4EC-698B-470C-A235-B485CBAE8B6D}.Release|x86.ActiveCfg = Release|Any CPU
		{3983D4EC-698B-470C-A235-B485CBAE8B6D}.Release|x86.Build.0 = Release|Any CPU
		{9CA896B9-A6E8-4187-A7D3-C4A772370B83}.Debug|Any CPU.ActiveCfg = Debug|Any CPU
		{9CA896B9-A6E8-4187-A7D3-C4A772370B83}.Debug|Any CPU.Build.0 = Debug|Any CPU
		{9CA896B9-A6E8-4187-A7D3-C4A772370B83}.Debug|x64.ActiveCfg = Debug|Any CPU
		{9CA896B9-A6E8-4187-A7D3-C4A772370B83}.Debug|x64.Build.0 = Debug|Any CPU
		{9CA896B9-A6E8-4187-A7D3-C4A772370B83}.Debug|x86.ActiveCfg = Debug|Any CPU
		{9CA896B9-A6E8-4187-A7D3-C4A772370B83}.Debug|x86.Build.0 = Debug|Any CPU
		{9CA896B9-A6E8-4187-A7D3-C4A772370B83}.Release|Any CPU.ActiveCfg = Release|Any CPU
		{9CA896B9-A6E8-4187-A7D3-C4A772370B83}.Release|Any CPU.Build.0 = Release|Any CPU
		{9CA896B9-A6E8-4187-A7D3-C4A772370B83}.Release|x64.ActiveCfg = Release|Any CPU
		{9CA896B9-A6E8-4187-A7D3-C4A772370B83}.Release|x64.Build.0 = Release|Any CPU
		{9CA896B9-A6E8-4187-A7D3-C4A772370B83}.Release|x86.ActiveCfg = Release|Any CPU
		{9CA896B9-A6E8-4187-A7D3-C4A772370B83}.Release|x86.Build.0 = Release|Any CPU
		{D5882D29-3C10-4A3B-B181-D3F6947BC0A7}.Debug|Any CPU.ActiveCfg = Debug|Any CPU
		{D5882D29-3C10-4A3B-B181-D3F6947BC0A7}.Debug|Any CPU.Build.0 = Debug|Any CPU
		{D5882D29-3C10-4A3B-B181-D3F6947BC0A7}.Debug|x64.ActiveCfg = Debug|Any CPU
		{D5882D29-3C10-4A3B-B181-D3F6947BC0A7}.Debug|x64.Build.0 = Debug|Any CPU
		{D5882D29-3C10-4A3B-B181-D3F6947BC0A7}.Debug|x86.ActiveCfg = Debug|Any CPU
		{D5882D29-3C10-4A3B-B181-D3F6947BC0A7}.Debug|x86.Build.0 = Debug|Any CPU
		{D5882D29-3C10-4A3B-B181-D3F6947BC0A7}.Release|Any CPU.ActiveCfg = Release|Any CPU
		{D5882D29-3C10-4A3B-B181-D3F6947BC0A7}.Release|Any CPU.Build.0 = Release|Any CPU
		{D5882D29-3C10-4A3B-B181-D3F6947BC0A7}.Release|x64.ActiveCfg = Release|Any CPU
		{D5882D29-3C10-4A3B-B181-D3F6947BC0A7}.Release|x64.Build.0 = Release|Any CPU
		{D5882D29-3C10-4A3B-B181-D3F6947BC0A7}.Release|x86.ActiveCfg = Release|Any CPU
		{D5882D29-3C10-4A3B-B181-D3F6947BC0A7}.Release|x86.Build.0 = Release|Any CPU
	EndGlobalSection
	GlobalSection(SolutionProperties) = preSolution
		HideSolutionNode = FALSE
	EndGlobalSection
EndGlobal
